
Microsoft Visual Studio Solution File, Format Version 12.00
# Visual Studio Version 16
VisualStudioVersion = 16.0.31911.196
MinimumVisualStudioVersion = 10.0.40219.1
Project("{FAE04EC0-301F-11D3-BF4B-00C04F79EFBC}") = "MyGallery", "MyGallery\MyGallery.csproj", "{8D708136-532E-4B0D-B3A4-CCD5FE73F9FF}"
EndProject
Global
	GlobalSection(SolutionConfigurationPlatforms) = preSolution
		Debug|Any CPU = Debug|Any CPU
		Release|Any CPU = Release|Any CPU
	EndGlobalSection
	GlobalSection(ProjectConfigurationPlatforms) = postSolution
		{8D708136-532E-4B0D-B3A4-CCD5FE73F9FF}.Debug|Any CPU.ActiveCfg = Debug|Any CPU
		{8D708136-532E-4B0D-B3A4-CCD5FE73F9FF}.Debug|Any CPU.Build.0 = Debug|Any CPU
		{8D708136-532E-4B0D-B3A4-CCD5FE73F9FF}.Release|Any CPU.ActiveCfg = Release|Any CPU
		{8D708136-532E-4B0D-B3A4-CCD5FE73F9FF}.Release|Any CPU.Build.0 = Release|Any CPU
	EndGlobalSection
	GlobalSection(SolutionProperties) = preSolution
		HideSolutionNode = FALSE
	EndGlobalSection
	GlobalSection(ExtensibilityGlobals) = postSolution
		SolutionGuid = {DEAE7132-7E3A-419A-86E7-3566298E33D0}
	EndGlobalSection
EndGlobal
